hash: 6d64f67ed120c7b193efe9313e5ecab6571a098708cc22fef74f865b6d0bf4cd
updated: 2017-01-10T17:13:22.810762643+01:00
imports:
- name: github.com/docopt/docopt-go
  version: 784ddc588536785e7299f7272f39101f7faccc3f
- name: github.com/josa42/go-stringutils
  version: e129a8b9917f96ed0f632e9c523c068e9d78c486
testImports: []
